// !$*UTF8*$!
{
	archiveVersion = 1;
	classes = {
	};
	objectVersion = 56;
	objects = {

/* Begin PBXBuildFile section */
		3085193829C829C200D18DDB /* videoplayerApp.swift in Sources */ = {isa = PBXBuildFile; fileRef = 3085193729C829C200D18DDB /* videoplayerApp.swift */; };
		3085193A29C829C200D18DDB /* ContentView.swift in Sources */ = {isa = PBXBuildFile; fileRef = 3085193929C829C200D18DDB /* ContentView.swift */; };
		3085193C29C829C300D18DDB /* Assets.xcassets in Resources */ = {isa = PBXBuildFile; fileRef = 3085193B29C829C300D18DDB /* Assets.xcassets */; };
		3085193F29C829C300D18DDB /* Preview Assets.xcassets in Resources */ = {isa = PBXBuildFile; fileRef = 3085193E29C829C300D18DDB /* Preview Assets.xcassets */; };
		3085194929C829C300D18DDB /* videoplayerTests.swift in Sources */ = {isa = PBXBuildFile; fileRef = 3085194829C829C300D18DDB /* videoplayerTests.swift */; };
		3085195329C829C300D18DDB /* videoplayerUITests.swift in Sources */ = {isa = PBXBuildFile; fileRef = 3085195229C829C300D18DDB /* videoplayerUITests.swift */; };
		3085195529C829C300D18DDB /* videoplayerUITestsLaunchTests.swift in Sources */ = {isa = PBXBuildFile; fileRef = 3085195429C829C300D18DDB /* videoplayerUITestsLaunchTests.swift */; };
/* End PBXBuildFile section */

/* Begin PBXContainerItemProxy section */
		3085194529C829C300D18DDB /* PBXContainerItemProxy */ = {
			isa = PBXContainerItemProxy;
			containerPortal = 3085192C29C829C200D18DDB /* Project object */;
			proxyType = 1;
			remoteGlobalIDString = 3085193329C829C200D18DDB;
			remoteInfo = videoplayer;
		};
		3085194F29C829C300D18DDB /* PBXContainerItemProxy */ = {
			isa = PBXContainerItemProxy;
			containerPortal = 3085192C29C829C200D18DDB /* Project object */;
			proxyType = 1;
			remoteGlobalIDString = 3085193329C829C200D18DDB;
			remoteInfo = videoplayer;
		};
/* End PBXContainerItemProxy section */

/* Begin PBXFileReference section */
		3085193429C829C200D18DDB /* videoplayer.app */ = {isa = PBXFileReference; explicitFileType = wrapper.application; includeInIndex = 0; path = videoplayer.app; sourceTree = BUILT_PRODUCTS_DIR; };
		3085193729C829C200D18DDB /* videoplayerApp.swift */ = {isa = PBXFileReference; lastKnownFileType = sourcecode.swift; path = videoplayerApp.swift; sourceTree = "<group>"; };
		3085193929C829C200D18DDB /* ContentView.swift */ = {isa = PBXFileReference; lastKnownFileType = sourcecode.swift; path = ContentView.swift; sourceTree = "<group>"; };
		3085193B29C829C300D18DDB /* Assets.xcassets */ = {isa = PBXFileReference; lastKnownFileType = folder.assetcatalog; path = Assets.xcassets; sourceTree = "<group>"; };
		3085193E29C829C300D18DDB /* Preview Assets.xcassets */ = {isa = PBXFileReference; lastKnownFileType = folder.assetcatalog; path = "Preview Assets.xcassets"; sourceTree = "<group>"; };
		3085194429C829C300D18DDB /* videoplayerTests.xctest */ = {isa = PBXFileReference; explicitFileType = wrapper.cfbundle; includeInIndex = 0; path = videoplayerTests.xctest; sourceTree = BUILT_PRODUCTS_DIR; };
		3085194829C829C300D18DDB /* videoplayerTests.swift */ = {isa = PBXFileReference; lastKnownFileType = sourcecode.swift; path = videoplayerTests.swift; sourceTree = "<group>"; };
		3085194E29C829C300D18DDB /* videoplayerUITests.xctest */ = {isa = PBXFileReference; explicitFileType = wrapper.cfbundle; includeInIndex = 0; path = videoplayerUITests.xctest; sourceTree = BUILT_PRODUCTS_DIR; };
		3085195229C829C300D18DDB /* videoplayerUITests.swift */ = {isa = PBXFileReference; lastKnownFileType = sourcecode.swift; path = videoplayerUITests.swift; sourceTree = "<group>"; };
		3085195429C829C300D18DDB /* videoplayerUITestsLaunchTests.swift */ = {isa = PBXFileReference; lastKnownFileType = sourcecode.swift; path = videoplayerUITestsLaunchTests.swift; sourceTree = "<group>"; };
/* End PBXFileReference section */

/* Begin PBXFrameworksBuildPhase section */
		3085193129C829C200D18DDB /* Frameworks */ = {
			isa = PBXFrameworksBuildPhase;
			buildActionMask = 2147483647;
			files = (
			);
			runOnlyForDeploymentPostprocessing = 0;
		};
		3085194129C829C300D18DDB /* Frameworks */ = {
			isa = PBXFrameworksBuildPhase;
			buildActionMask = 2147483647;
			files = (
			);
			runOnlyForDeploymentPostprocessing = 0;
		};
		3085194B29C829C300D18DDB /* Frameworks */ = {
			isa = PBXFrameworksBuildPhase;
			buildActionMask = 2147483647;
			files = (
			);
			runOnlyForDeploymentPostprocessing = 0;
		};
/* End PBXFrameworksBuildPhase section */

/* Begin PBXGroup section */
		3085192B29C829C200D18DDB = {
			isa = PBXGroup;
			children = (
				3085193629C829C200D18DDB /* videoplayer */,
				3085194729C829C300D18DDB /* videoplayerTests */,
				3085195129C829C300D18DDB /* videoplayerUITests */,
				3085193529C829C200D18DDB /* Products */,
			);
			sourceTree = "<group>";
		};
		3085193529C829C200D18DDB /* Products */ = {
			isa = PBXGroup;
			children = (
				3085193429C829C200D18DDB /* videoplayer.app */,
				3085194429C829C300D18DDB /* videoplayerTests.xctest */,
				3085194E29C829C300D18DDB /* videoplayerUITests.xctest */,
			);
			name = Products;
			sourceTree = "<group>";
		};
		3085193629C829C200D18DDB /* videoplayer */ = {
			isa = PBXGroup;
			children = (
				3085193729C829C200D18DDB /* videoplayerApp.swift */,
				3085193929C829C200D18DDB /* ContentView.swift */,
				3085193B29C829C300D18DDB /* Assets.xcassets */,
				3085193D29C829C300D18DDB /* Preview Content */,
			);
			path = videoplayer;
			sourceTree = "<group>";
		};
		3085193D29C829C300D18DDB /* Preview Content */ = {
			isa = PBXGroup;
			children = (
				3085193E29C829C300D18DDB /* Preview Assets.xcassets */,
			);
			path = "Preview Content";
			sourceTree = "<group>";
		};
		3085194729C829C300D18DDB /* videoplayerTests */ = {
			isa = PBXGroup;
			children = (
				3085194829C829C300D18DDB /* videoplayerTests.swift */,
			);
			path = videoplayerTests;
			sourceTree = "<group>";
		};
		3085195129C829C300D18DDB /* videoplayerUITests */ = {
			isa = PBXGroup;
			children = (
				3085195229C829C300D18DDB /* videoplayerUITests.swift */,
				3085195429C829C300D18DDB /* videoplayerUITestsLaunchTests.swift */,
			);
			path = videoplayerUITests;
			sourceTree = "<group>";
		};
/* End PBXGroup section */

/* Begin PBXNativeTarget section */
		3085193329C829C200D18DDB /* videoplayer */ = {
			isa = PBXNativeTarget;
			buildConfigurationList = 3085195829C829C300D18DDB /* Build configuration list for PBXNativeTarget "videoplayer" */;
			buildPhases = (
				3085193029C829C200D18DDB /* Sources */,
				3085193129C829C200D18DDB /* Frameworks */,
				3085193229C829C200D18DDB /* Resources */,
			);
			buildRules = (
			);
			dependencies = (
			);
			name = videoplayer;
			productName = videoplayer;
			productReference = 3085193429C829C200D18DDB /* videoplayer.app */;
			productType = "com.apple.product-type.application";
		};
		3085194329C829C300D18DDB /* videoplayerTests */ = {
			isa = PBXNativeTarget;
			buildConfigurationList = 3085195B29C829C300D18DDB /* Build configuration list for PBXNativeTarget "videoplayerTests" */;
			buildPhases = (
				3085194029C829C300D18DDB /* Sources */,
				3085194129C829C300D18DDB /* Frameworks */,
				3085194229C829C300D18DDB /* Resources */,
			);
			buildRules = (
			);
			dependencies = (
				3085194629C829C300D18DDB /* PBXTargetDependency */,
			);
			name = videoplayerTests;
			productName = videoplayerTests;
			productReference = 3085194429C829C300D18DDB /* videoplayerTests.xctest */;
			productType = "com.apple.product-type.bundle.unit-test";
		};
		3085194D29C829C300D18DDB /* videoplayerUITests */ = {
			isa = PBXNativeTarget;
			buildConfigurationList = 3085195E29C829C300D18DDB /* Build configuration list for PBXNativeTarget "videoplayerUITests" */;
			buildPhases = (
				3085194A29C829C300D18DDB /* Sources */,
				3085194B29C829C300D18DDB /* Frameworks */,
				3085194C29C829C300D18DDB /* Resources */,
			);
			buildRules = (
			);
			dependencies = (
				3085195029C829C300D18DDB /* PBXTargetDependency */,
			);
			name = videoplayerUITests;
			productName = videoplayerUITests;
			productReference = 3085194E29C829C300D18DDB /* videoplayerUITests.xctest */;
			productType = "com.apple.product-type.bundle.ui-testing";
		};
/* End PBXNativeTarget section */

/* Begin PBXProject section */
		3085192C29C829C200D18DDB /* Project object */ = {
			isa = PBXProject;
			attributes = {
				BuildIndependentTargetsInParallel = 1;
				LastSwiftUpdateCheck = 1420;
				LastUpgradeCheck = 1420;
				TargetAttributes = {
					3085193329C829C200D18DDB = {
						CreatedOnToolsVersion = 14.2;
					};
					3085194329C829C300D18DDB = {
						CreatedOnToolsVersion = 14.2;
						TestTargetID = 3085193329C829C200D18DDB;
					};
					3085194D29C829C300D18DDB = {
						CreatedOnToolsVersion = 14.2;
						TestTargetID = 3085193329C829C200D18DDB;
					};
				};
			};
			buildConfigurationList = 3085192F29C829C200D18DDB /* Build configuration list for PBXProject "videoplayer" */;
			compatibilityVersion = "Xcode 14.0";
			developmentRegion = en;
			hasScannedForEncodings = 0;
			knownRegions = (
				en,
				Base,
			);
			mainGroup = 3085192B29C829C200D18DDB;
			productRefGroup = 3085193529C829C200D18DDB /* Products */;
			projectDirPath = "";
			projectRoot = "";
			targets = (
				3085193329C829C200D18DDB /* videoplayer */,
				3085194329C829C300D18DDB /* videoplayerTests */,
				3085194D29C829C300D18DDB /* videoplayerUITests */,
			);
		};
/* End PBXProject section */

/* Begin PBXResourcesBuildPhase section */
		3085193229C829C200D18DDB /* Resources */ = {
			isa = PBXResourcesBuildPhase;
			buildActionMask = 2147483647;
			files = (
				3085193F29C829C300D18DDB /* Preview Assets.xcassets in Resources */,
				3085193C29C829C300D18DDB /* Assets.xcassets in Resources */,
			);
			runOnlyForDeploymentPostprocessing = 0;
		};
		3085194229C829C300D18DDB /* Resources */ = {
			isa = PBXResourcesBuildPhase;
			buildActionMask = 2147483647;
			files = (
			);
			runOnlyForDeploymentPostprocessing = 0;
		};
		3085194C29C829C300D18DDB /* Resources */ = {
			isa = PBXResourcesBuildPhase;
			buildActionMask = 2147483647;
			files = (
			);
			runOnlyForDeploymentPostprocessing = 0;
		};
/* End PBXResourcesBuildPhase section */

/* Begin PBXSourcesBuildPhase section */
		3085193029C829C200D18DDB /* Sources */ = {
			isa = PBXSourcesBuildPhase;
			buildActionMask = 2147483647;
			files = (
				3085193A29C829C200D18DDB /* ContentView.swift in Sources */,
				3085193829C829C200D18DDB /* videoplayerApp.swift in Sources */,
			);
			runOnlyForDeploymentPostprocessing = 0;
		};
		3085194029C829C300D18DDB /* Sources */ = {
			isa = PBXSourcesBuildPhase;
			buildActionMask = 2147483647;
			files = (
				3085194929C829C300D18DDB /* videoplayerTests.swift in Sources */,
			);
			runOnlyForDeploymentPostprocessing = 0;
		};
		3085194A29C829C300D18DDB /* Sources */ = {
			isa = PBXSourcesBuildPhase;
			buildActionMask = 2147483647;
			files = (
				3085195329C829C300D18DDB /* videoplayerUITests.swift in Sources */,
				3085195529C829C300D18DDB /* videoplayerUITestsLaunchTests.swift in Sources */,
			);
			runOnlyForDeploymentPostprocessing = 0;
		};
/* End PBXSourcesBuildPhase section */

/* Begin PBXTargetDependency section */
		3085194629C829C300D18DDB /* PBXTargetDependency */ = {
			isa = PBXTargetDependency;
			target = 3085193329C829C200D18DDB /* videoplayer */;
			targetProxy = 3085194529C829C300D18DDB /* PBXContainerItemProxy */;
		};
		3085195029C829C300D18DDB /* PBXTargetDependency */ = {
			isa = PBXTargetDependency;
			target = 3085193329C829C200D18DDB /* videoplayer */;
			targetProxy = 3085194F29C829C300D18DDB /* PBXContainerItemProxy */;
		};
/* End PBXTargetDependency section */

/* Begin XCBuildConfiguration section */
		3085195629C829C300D18DDB /* Debug */ = {
			isa = XCBuildConfiguration;
			buildSettings = {
				ALWAYS_SEARCH_USER_PATHS = NO;
				CLANG_ANALYZER_NONNULL = YES;
				CLANG_ANALYZER_NUMBER_OBJECT_CONVERSION = YES_AGGRESSIVE;
				CLANG_CXX_LANGUAGE_STANDARD = "gnu++20";
				CLANG_ENABLE_MODULES = YES;
				CLANG_ENABLE_OBJC_ARC = YES;
				CLANG_ENABLE_OBJC_WEAK = YES;
				CLANG_WARN_BLOCK_CAPTURE_AUTORELEASING = YES;
				CLANG_WARN_BOOL_CONVERSION = YES;
				CLANG_WARN_COMMA = YES;
				CLANG_WARN_CONSTANT_CONVERSION = YES;
				CLANG_WARN_DEPRECATED_OBJC_IMPLEMENTATIONS = YES;
				CLANG_WARN_DIRECT_OBJC_ISA_USAGE = YES_ERROR;
				CLANG_WARN_DOCUMENTATION_COMMENTS = YES;
				CLANG_WARN_EMPTY_BODY = YES;
				CLANG_WARN_ENUM_CONVERSION = YES;
				CLANG_WARN_INFINITE_RECURSION = YES;
				CLANG_WARN_INT_CONVERSION = YES;
				CLANG_WARN_NON_LITERAL_NULL_CONVERSION = YES;
				CLANG_WARN_OBJC_IMPLICIT_RETAIN_SELF = YES;
				CLANG_WARN_OBJC_LITERAL_CONVERSION = YES;
				CLANG_WARN_OBJC_ROOT_CLASS = YES_ERROR;
				CLANG_WARN_QUOTED_INCLUDE_IN_FRAMEWORK_HEADER = YES;
				CLANG_WARN_RANGE_LOOP_ANALYSIS = YES;
				CLANG_WARN_STRICT_PROTOTYPES = YES;
				CLANG_WARN_SUSPICIOUS_MOVE = YES;
				CLANG_WARN_UNGUARDED_AVAILABILITY = YES_AGGRESSIVE;
				CLANG_WARN_UNREACHABLE_CODE = YES;
				CLANG_WARN__DUPLICATE_METHOD_MATCH = YES;
				COPY_PHASE_STRIP = NO;
				DEBUG_INFORMATION_FORMAT = dwarf;
				ENABLE_STRICT_OBJC_MSGSEND = YES;
				ENABLE_TESTABILITY = YES;
				GCC_C_LANGUAGE_STANDARD = gnu11;
				GCC_DYNAMIC_NO_PIC = NO;
				GCC_NO_COMMON_BLOCKS = YES;
				GCC_OPTIMIZATION_LEVEL = 0;
				GCC_PREPROCESSOR_DEFINITIONS = (
					"DEBUG=1",
					"$(inherited)",
				);
				GCC_WARN_64_TO_32_BIT_CONVERSION = YES;
				GCC_WARN_ABOUT_RETURN_TYPE = YES_ERROR;
				GCC_WARN_UNDECLARED_SELECTOR = YES;
				GCC_WARN_UNINITIALIZED_AUTOS = YES_AGGRESSIVE;
				GCC_WARN_UNUSED_FUNCTION = YES;
				GCC_WARN_UNUSED_VARIABLE = YES;
				IPHONEOS_DEPLOYMENT_TARGET = 14.0;
				MTL_ENABLE_DEBUG_INFO = INCLUDE_SOURCE;
				MTL_FAST_MATH = YES;
				ONLY_ACTIVE_ARCH = YES;
				SDKROOT = iphoneos;
				SWIFT_ACTIVE_COMPILATION_CONDITIONS = DEBUG;
				SWIFT_OPTIMIZATION_LEVEL = "-Onone";
			};
			name = Debug;
		};
		3085195729C829C300D18DDB /* Release */ = {
			isa = XCBuildConfiguration;
			buildSettings = {
				ALWAYS_SEARCH_USER_PATHS = NO;
				CLANG_ANALYZER_NONNULL = YES;
				CLANG_ANALYZER_NUMBER_OBJECT_CONVERSION = YES_AGGRESSIVE;
				CLANG_CXX_LANGUAGE_STANDARD = "gnu++20";
				CLANG_ENABLE_MODULES = YES;
				CLANG_ENABLE_OBJC_ARC = YES;
				CLANG_ENABLE_OBJC_WEAK = YES;
				CLANG_WARN_BLOCK_CAPTURE_AUTORELEASING = YES;
				CLANG_WARN_BOOL_CONVERSION = YES;
				CLANG_WARN_COMMA = YES;
				CLANG_WARN_CONSTANT_CONVERSION = YES;
				CLANG_WARN_DEPRECATED_OBJC_IMPLEMENTATIONS = YES;
				CLANG_WARN_DIRECT_OBJC_ISA_USAGE = YES_ERROR;
				CLANG_WARN_DOCUMENTATION_COMMENTS = YES;
				CLANG_WARN_EMPTY_BODY = YES;
				CLANG_WARN_ENUM_CONVERSION = YES;
				CLANG_WARN_INFINITE_RECURSION = YES;
				CLANG_WARN_INT_CONVERSION = YES;
				CLANG_WARN_NON_LITERAL_NULL_CONVERSION = YES;
				CLANG_WARN_OBJC_IMPLICIT_RETAIN_SELF = YES;
				CLANG_WARN_OBJC_LITERAL_CONVERSION = YES;
				CLANG_WARN_OBJC_ROOT_CLASS = YES_ERROR;
				CLANG_WARN_QUOTED_INCLUDE_IN_FRAMEWORK_HEADER = YES;
				CLANG_WARN_RANGE_LOOP_ANALYSIS = YES;
				CLANG_WARN_STRICT_PROTOTYPES = YES;
				CLANG_WARN_SUSPICIOUS_MOVE = YES;
				CLANG_WARN_UNGUARDED_AVAILABILITY = YES_AGGRESSIVE;
				CLANG_WARN_UNREACHABLE_CODE = YES;
				CLANG_WARN__DUPLICATE_METHOD_MATCH = YES;
				COPY_PHASE_STRIP = NO;
				DEBUG_INFORMATION_FORMAT = "dwarf-with-dsym";
				ENABLE_NS_ASSERTIONS = NO;
				ENABLE_STRICT_OBJC_MSGSEND = YES;
				GCC_C_LANGUAGE_STANDARD = gnu11;
				GCC_NO_COMMON_BLOCKS = YES;
				GCC_WARN_64_TO_32_BIT_CONVERSION = YES;
				GCC_WARN_ABOUT_RETURN_TYPE = YES_ERROR;
				GCC_WARN_UNDECLARED_SELECTOR = YES;
				GCC_WARN_UNINITIALIZED_AUTOS = YES_AGGRESSIVE;
				GCC_WARN_UNUSED_FUNCTION = YES;
				GCC_WARN_UNUSED_VARIABLE = YES;
				IPHONEOS_DEPLOYMENT_TARGET = 14.0;
				MTL_ENABLE_DEBUG_INFO = NO;
				MTL_FAST_MATH = YES;
				SDKROOT = iphoneos;
				SWIFT_COMPILATION_MODE = wholemodule;
				SWIFT_OPTIMIZATION_LEVEL = "-O";
				VALIDATE_PRODUCT = YES;
			};
			name = Release;
		};
		3085195929C829C300D18DDB /* Debug */ = {
			isa = XCBuildConfiguration;
			buildSettings = {
				ASSETCATALOG_COMPILER_APPICON_NAME = AppIcon;
				ASSETCATALOG_COMPILER_GLOBAL_ACCENT_COLOR_NAME = AccentColor;
				CODE_SIGN_STYLE = Automatic;
				CURRENT_PROJECT_VERSION = 1;
				DEVELOPMENT_ASSET_PATHS = "\"videoplayer/Preview Content\"";
				DEVELOPMENT_TEAM = J62YZ5R72R;
				ENABLE_PREVIEWS = YES;
				GENERATE_INFOPLIST_FILE = YES;
				INFOPLIST_KEY_UIApplicationSceneManifest_Generation = YES;
				INFOPLIST_KEY_UIApplicationSupportsIndirectInputEvents = YES;
				INFOPLIST_KEY_UILaunchScreen_Generation = YES;
				INFOPLIST_KEY_UISupportedInterfaceOrientations_iPad = "UIInterfaceOrientationPortrait UIInterfaceOrientationPortraitUpsideDown UIInterfaceOrientationLandscapeLeft UIInterfaceOrientationLandscapeRight";
				INFOPLIST_KEY_UISupportedInterfaceOrientations_iPhone = "UIInterfaceOrientationPortrait UIInterfaceOrientationLandscapeLeft UIInterfaceOrientationLandscapeRight";
				LD_RUNPATH_SEARCH_PATHS = (
					"$(inherited)",
					"@executable_path/Frameworks",
				);
				MARKETING_VERSION = 1.0;
				PRODUCT_BUNDLE_IDENTIFIER = com.iotposh.videoplayer;
				PRODUCT_NAME = "$(TARGET_NAME)";
				SWIFT_EMIT_LOC_STRINGS = YES;
				SWIFT_VERSION = 5.0;
				TARGETED_DEVICE_FAMILY = "1,2";
			};
			name = Debug;
		};
		3085195A29C829C300D18DDB /* Release */ = {
			isa = XCBuildConfiguration;
			buildSettings = {
				ASSETCATALOG_COMPILER_APPICON_NAME = AppIcon;
				ASSETCATALOG_COMPILER_GLOBAL_ACCENT_COLOR_NAME = AccentColor;
				CODE_SIGN_STYLE = Automatic;
				CURRENT_PROJECT_VERSION = 1;
				DEVELOPMENT_ASSET_PATHS = "\"videoplayer/Preview Content\"";
				DEVELOPMENT_TEAM = J62YZ5R72R;
				ENABLE_PREVIEWS = YES;
				GENERATE_INFOPLIST_FILE = YES;
				INFOPLIST_KEY_UIApplicationSceneManifest_Generation = YES;
				INFOPLIST_KEY_UIApplicationSupportsIndirectInputEvents = YES;
				INFOPLIST_KEY_UILaunchScreen_Generation = YES;
				INFOPLIST_KEY_UISupportedInterfaceOrientations_iPad = "UIInterfaceOrientationPortrait UIInterfaceOrientationPortraitUpsideDown UIInterfaceOrientationLandscapeLeft UIInterfaceOrientationLandscapeRight";
				INFOPLIST_KEY_UISupportedInterfaceOrientations_iPhone = "UIInterfaceOrientationPortrait UIInterfaceOrientationLandscapeLeft UIInterfaceOrientationLandscapeRight";
				LD_RUNPATH_SEARCH_PATHS = (
					"$(inherited)",
					"@executable_path/Frameworks",
				);
				MARKETING_VERSION = 1.0;
				PRODUCT_BUNDLE_IDENTIFIER = com.iotposh.videoplayer;
				PRODUCT_NAME = "$(TARGET_NAME)";
				SWIFT_EMIT_LOC_STRINGS = YES;
				SWIFT_VERSION = 5.0;
				TARGETED_DEVICE_FAMILY = "1,2";
			};
			name = Release;
		};
		3085195C29C829C300D18DDB /* Debug */ = {
			isa = XCBuildConfiguration;
			buildSettings = {
				ALWAYS_EMBED_SWIFT_STANDARD_LIBRARIES = YES;
				BUNDLE_LOADER = "$(TEST_HOST)";
				CODE_SIGN_STYLE = Automatic;
				CURRENT_PROJECT_VERSION = 1;
				DEVELOPMENT_TEAM = J62YZ5R72R;
				GENERATE_INFOPLIST_FILE = YES;
				IPHONEOS_DEPLOYMENT_TARGET = 16.2;
				MARKETING_VERSION = 1.0;
				PRODUCT_BUNDLE_IDENTIFIER = com.iotposh.videoplayerTests;
				PRODUCT_NAME = "$(TARGET_NAME)";
				SWIFT_EMIT_LOC_STRINGS = NO;
				SWIFT_VERSION = 5.0;
				TARGETED_DEVICE_FAMILY = "1,2";
				TEST_HOST = "$(BUILT_PRODUCTS_DIR)/videoplayer.app/$(BUNDLE_EXECUTABLE_FOLDER_PATH)/videoplayer";
			};
			name = Debug;
		};
		3085195D29C829C300D18DDB /* Release */ = {
			isa = XCBuildConfiguration;
			buildSettings = {
				ALWAYS_EMBED_SWIFT_STANDARD_LIBRARIES = YES;
				BUNDLE_LOADER = "$(TEST_HOST)";
				CODE_SIGN_STYLE = Automatic;
				CURRENT_PROJECT_VERSION = 1;
				DEVELOPMENT_TEAM = J62YZ5R72R;
				GENERATE_INFOPLIST_FILE = YES;
				IPHONEOS_DEPLOYMENT_TARGET = 16.2;
				MARKETING_VERSION = 1.0;
				PRODUCT_BUNDLE_IDENTIFIER = com.iotposh.videoplayerTests;
				PRODUCT_NAME = "$(TARGET_NAME)";
				SWIFT_EMIT_LOC_STRINGS = NO;
				SWIFT_VERSION = 5.0;
				TARGETED_DEVICE_FAMILY = "1,2";
				TEST_HOST = "$(BUILT_PRODUCTS_DIR)/videoplayer.app/$(BUNDLE_EXECUTABLE_FOLDER_PATH)/videoplayer";
			};
			name = Release;
		};
		3085195F29C829C300D18DDB /* Debug */ = {
			isa = XCBuildConfiguration;
			buildSettings = {
				ALWAYS_EMBED_SWIFT_STANDARD_LIBRARIES = YES;
				CODE_SIGN_STYLE = Automatic;
				CURRENT_PROJECT_VERSION = 1;
				DEVELOPMENT_TEAM = J62YZ5R72R;
				GENERATE_INFOPLIST_FILE = YES;
				MARKETING_VERSION = 1.0;
				PRODUCT_BUNDLE_IDENTIFIER = com.iotposh.videoplayerUITests;
				PRODUCT_NAME = "$(TARGET_NAME)";
				SWIFT_EMIT_LOC_STRINGS = NO;
				SWIFT_VERSION = 5.0;
				TARGETED_DEVICE_FAMILY = "1,2";
				TEST_TARGET_NAME = videoplayer;
			};
			name = Debug;
		};
		3085196029C829C300D18DDB /* Release */ = {
			isa = XCBuildConfiguration;
			buildSettings = {
				ALWAYS_EMBED_SWIFT_STANDARD_LIBRARIES = YES;
				CODE_SIGN_STYLE = Automatic;
				CURRENT_PROJECT_VERSION = 1;
				DEVELOPMENT_TEAM = J62YZ5R72R;
				GENERATE_INFOPLIST_FILE = YES;
				MARKETING_VERSION = 1.0;
				PRODUCT_BUNDLE_IDENTIFIER = com.iotposh.videoplayerUITests;
				PRODUCT_NAME = "$(TARGET_NAME)";
				SWIFT_EMIT_LOC_STRINGS = NO;
				SWIFT_VERSION = 5.0;
				TARGETED_DEVICE_FAMILY = "1,2";
				TEST_TARGET_NAME = videoplayer;
			};
			name = Release;
		};
/* End XCBuildConfiguration section */

/* Begin XCConfigurationList section */
		3085192F29C829C200D18DDB /* Build configuration list for PBXProject "videoplayer" */ = {
			isa = XCConfigurationList;
			buildConfigurations = (
				3085195629C829C300D18DDB /* Debug */,
				3085195729C829C300D18DDB /* Release */,
			);
			defaultConfigurationIsVisible = 0;
			defaultConfigurationName = Release;
		};
		3085195829C829C300D18DDB /* Build configuration list for PBXNativeTarget "videoplayer" */ = {
			isa = XCConfigurationList;
			buildConfigurations = (
				3085195929C829C300D18DDB /* Debug */,
				3085195A29C829C300D18DDB /* Release */,
			);
			defaultConfigurationIsVisible = 0;
			defaultConfigurationName = Release;
		};
		3085195B29C829C300D18DDB /* Build configuration list for PBXNativeTarget "videoplayerTests" */ = {
			isa = XCConfigurationList;
			buildConfigurations = (
				3085195C29C829C300D18DDB /* Debug */,
				3085195D29C829C300D18DDB /* Release */,
			);
			defaultConfigurationIsVisible = 0;
			defaultConfigurationName = Release;
		};
		3085195E29C829C300D18DDB /* Build configuration list for PBXNativeTarget "videoplayerUITests" */ = {
			isa = XCConfigurationList;
			buildConfigurations = (
				3085195F29C829C300D18DDB /* Debug */,
				3085196029C829C300D18DDB /* Release */,
			);
			defaultConfigurationIsVisible = 0;
			defaultConfigurationName = Release;
		};
/* End XCConfigurationList section */
	};
	rootObject = 3085192C29C829C200D18DDB /* Project object */;
}
